
Microsoft Visual Studio Solution File, Format Version 12.00
# Visual Studio Version 17
VisualStudioVersion = 17.1.32328.378
MinimumVisualStudioVersion = 10.0.40219.1
Project("{9A19103F-16F7-4668-BE54-9A1E7A4F7556}") = "client", "client\client.csproj", "{458B8410-DB90-4D49-9453-17246871E514}"
EndProject
Project("{9A19103F-16F7-4668-BE54-9A1E7A4F7556}") = "server", "server\server.csproj", "{3885B12D-992C-4E50-B197-4A2C6E97D37F}"
EndProject
Global
	GlobalSection(SolutionConfigurationPlatforms) = preSolution
		Debug|Any CPU = Debug|Any CPU
		Release|Any CPU = Release|Any CPU
	EndGlobalSection
	GlobalSection(ProjectConfigurationPlatforms) = postSolution
		{458B8410-DB90-4D49-9453-17246871E514}.Debug|Any CPU.ActiveCfg = Debug|Any CPU
		{458B8410-DB90-4D49-9453-17246871E514}.Debug|Any CPU.Build.0 = Debug|Any CPU
		{458B8410-DB90-4D49-9453-17246871E514}.Release|Any CPU.ActiveCfg = Release|Any CPU
		{458B8410-DB90-4D49-9453-17246871E514}.Release|Any CPU.Build.0 = Release|Any CPU
		{3885B12D-992C-4E50-B197-4A2C6E97D37F}.Debug|Any CPU.ActiveCfg = Debug|Any CPU
		{3885B12D-992C-4E50-B197-4A2C6E97D37F}.Debug|Any CPU.Build.0 = Debug|Any CPU
		{3885B12D-992C-4E50-B197-4A2C6E97D37F}.Release|Any CPU.ActiveCfg = Release|Any CPU
		{3885B12D-992C-4E50-B197-4A2C6E97D37F}.Release|Any CPU.Build.0 = Release|Any CPU
	EndGlobalSection
	GlobalSection(SolutionProperties) = preSolution
		HideSolutionNode = FALSE
	EndGlobalSection
	GlobalSection(ExtensibilityGlobals) = postSolution
		SolutionGuid = {5FF91250-2E2D-4092-A2C7-C4A7E260F9B3}
	EndGlobalSection
EndGlobal
